
Microsoft Visual Studio Solution File, Format Version 12.00
# Visual Studio Version 17
VisualStudioVersion = 17.0.31903.59
MinimumVisualStudioVersion = 10.0.40219.1
Project("{FAE04EC0-301F-11D3-BF4B-00C04F79EFBC}") = "Library.Application", "Library.Application\Library.Application.csproj", "{AE245C70-F433-41EC-A588-304972BCABB7}"
EndProject
Project("{FAE04EC0-301F-11D3-BF4B-00C04F79EFBC}") = "Library.Domain", "Library.Domain\Library.Domain.csproj", "{7FE15AD5-5512-4050-80E4-1A55AF3F1F75}"
EndProject
Project("{FAE04EC0-301F-11D3-BF4B-00C04F79EFBC}") = "Library.Infrastructure", "Library.Infrastructure\Library.Infrastructure.csproj", "{BD6F304A-5D04-4605-B478-E9C1B77DAF25}"
EndProject
Project("{FAE04EC0-301F-11D3-BF4B-00C04F79EFBC}") = "Library.Tests", "Library.Tests\Library.Tests.csproj", "{E49870C4-5DCC-49B2-9BED-964982305AFD}"
EndProject
Project("{FAE04EC0-301F-11D3-BF4B-00C04F79EFBC}") = "Library.Api", "Library.Api\Library.Api.csproj", "{49017B9C-017E-48D1-BE11-4C3A43B0E40E}"
EndProject
Global
	GlobalSection(SolutionConfigurationPlatforms) = preSolution
		Debug|Any CPU = Debug|Any CPU
		Release|Any CPU = Release|Any CPU
	EndGlobalSection
	GlobalSection(SolutionProperties) = preSolution
		HideSolutionNode = FALSE
	EndGlobalSection
	GlobalSection(ProjectConfigurationPlatforms) = postSolution
		{AE245C70-F433-41EC-A588-304972BCABB7}.Debug|Any CPU.ActiveCfg = Debug|Any CPU
		{AE245C70-F433-41EC-A588-304972BCABB7}.Debug|Any CPU.Build.0 = Debug|Any CPU
		{AE245C70-F433-41EC-A588-304972BCABB7}.Release|Any CPU.ActiveCfg = Release|Any CPU
		{AE245C70-F433-41EC-A588-304972BCABB7}.Release|Any CPU.Build.0 = Release|Any CPU
		{7FE15AD5-5512-4050-80E4-1A55AF3F1F75}.Debug|Any CPU.ActiveCfg = Debug|Any CPU
		{7FE15AD5-5512-4050-80E4-1A55AF3F1F75}.Debug|Any CPU.Build.0 = Debug|Any CPU
		{7FE15AD5-5512-4050-80E4-1A55AF3F1F75}.Release|Any CPU.ActiveCfg = Release|Any CPU
		{7FE15AD5-5512-4050-80E4-1A55AF3F1F75}.Release|Any CPU.Build.0 = Release|Any CPU
		{BD6F304A-5D04-4605-B478-E9C1B77DAF25}.Debug|Any CPU.ActiveCfg = Debug|Any CPU
		{BD6F304A-5D04-4605-B478-E9C1B77DAF25}.Debug|Any CPU.Build.0 = Debug|Any CPU
		{BD6F304A-5D04-4605-B478-E9C1B77DAF25}.Release|Any CPU.ActiveCfg = Release|Any CPU
		{BD6F304A-5D04-4605-B478-E9C1B77DAF25}.Release|Any CPU.Build.0 = Release|Any CPU
		{E49870C4-5DCC-49B2-9BED-964982305AFD}.Debug|Any CPU.ActiveCfg = Debug|Any CPU
		{E49870C4-5DCC-49B2-9BED-964982305AFD}.Debug|Any CPU.Build.0 = Debug|Any CPU
		{E49870C4-5DCC-49B2-9BED-964982305AFD}.Release|Any CPU.ActiveCfg = Release|Any CPU
		{E49870C4-5DCC-49B2-9BED-964982305AFD}.Release|Any CPU.Build.0 = Release|Any CPU
		{49017B9C-017E-48D1-BE11-4C3A43B0E40E}.Debug|Any CPU.ActiveCfg = Debug|Any CPU
		{49017B9C-017E-48D1-BE11-4C3A43B0E40E}.Debug|Any CPU.Build.0 = Debug|Any CPU
		{49017B9C-017E-48D1-BE11-4C3A43B0E40E}.Release|Any CPU.ActiveCfg = Release|Any CPU
		{49017B9C-017E-48D1-BE11-4C3A43B0E40E}.Release|Any CPU.Build.0 = Release|Any CPU
	EndGlobalSection
EndGlobal
