
Microsoft Visual Studio Solution File, Format Version 12.00
# Visual Studio Version 17
VisualStudioVersion = 17.5.002.0
MinimumVisualStudioVersion = 10.0.40219.1
Project("{9A19103F-16F7-4668-BE54-9A1E7A4F7556}") = "Application.API", "Application.API.csproj", "{9AB02369-F19F-4C3C-9A70-6AE836FA8240}"
EndProject
Global
	GlobalSection(SolutionConfigurationPlatforms) = preSolution
		Debug|Any CPU = Debug|Any CPU
		Release|Any CPU = Release|Any CPU
	EndGlobalSection
	GlobalSection(ProjectConfigurationPlatforms) = postSolution
		{9AB02369-F19F-4C3C-9A70-6AE836FA8240}.Debug|Any CPU.ActiveCfg = Debug|Any CPU
		{9AB02369-F19F-4C3C-9A70-6AE836FA8240}.Debug|Any CPU.Build.0 = Debug|Any CPU
		{9AB02369-F19F-4C3C-9A70-6AE836FA8240}.Release|Any CPU.ActiveCfg = Release|Any CPU
		{9AB02369-F19F-4C3C-9A70-6AE836FA8240}.Release|Any CPU.Build.0 = Release|Any CPU
	EndGlobalSection
	GlobalSection(SolutionProperties) = preSolution
		HideSolutionNode = FALSE
	EndGlobalSection
	GlobalSection(ExtensibilityGlobals) = postSolution
		SolutionGuid = {E07DE331-92FF-4FF5-B916-0F427D7F9F06}
	EndGlobalSection
EndGlobal
